
Microsoft Visual Studio Solution File, Format Version 12.00
# Visual Studio Version 17
VisualStudioVersion = 17.8.34330.188
MinimumVisualStudioVersion = 10.0.40219.1
Project("{FAE04EC0-301F-11D3-BF4B-00C04F79EFBC}") = "DoctorWhoQuerySystem", "DoctorWhoQuerySystem\DoctorWhoQuerySystem.csproj", "{03B7DB51-21B0-4D67-8F48-030EE61165F5}"
EndProject
Global
	GlobalSection(SolutionConfigurationPlatforms) = preSolution
		Debug|Any CPU = Debug|Any CPU
		Release|Any CPU = Release|Any CPU
	EndGlobalSection
	GlobalSection(ProjectConfigurationPlatforms) = postSolution
		{03B7DB51-21B0-4D67-8F48-030EE61165F5}.Debug|Any CPU.ActiveCfg = Debug|Any CPU
		{03B7DB51-21B0-4D67-8F48-030EE61165F5}.Debug|Any CPU.Build.0 = Debug|Any CPU
		{03B7DB51-21B0-4D67-8F48-030EE61165F5}.Release|Any CPU.ActiveCfg = Release|Any CPU
		{03B7DB51-21B0-4D67-8F48-030EE61165F5}.Release|Any CPU.Build.0 = Release|Any CPU
	EndGlobalSection
	GlobalSection(SolutionProperties) = preSolution
		HideSolutionNode = FALSE
	EndGlobalSection
	GlobalSection(ExtensibilityGlobals) = postSolution
		SolutionGuid = {F866A5F4-3E46-4CE9-9884-9A9DE6D9B97B}
	EndGlobalSection
EndGlobal
